// !$*UTF8*$!
{
	archiveVersion = 1;
	classes = {
	};
	objectVersion = 50;
	objects = {

/* Begin PBXBuildFile section */
		D2DE7B5620CED25C002A9E94 /* Screen Shot 2018-06-04 at 1.38.35 PM.png in Resources */ = {isa = PBXBuildFile; fileRef = D2DE7B5520CED25C002A9E94 /* Screen Shot 2018-06-04 at 1.38.35 PM.png */; };
		D2E10A5920BFE9AF0081E915 /* AppDelegate.swift in Sources */ = {isa = PBXBuildFile; fileRef = D2E10A5820BFE9AF0081E915 /* AppDelegate.swift */; };
		D2E10A5B20BFE9B00081E915 /* ViewController.swift in Sources */ = {isa = PBXBuildFile; fileRef = D2E10A5A20BFE9B00081E915 /* ViewController.swift */; };
		D2E10A5E20BFE9B00081E915 /* Main.storyboard in Resources */ = {isa = PBXBuildFile; fileRef = D2E10A5C20BFE9B00081E915 /* Main.storyboard */; };
		D2E10A6020BFE9B10081E915 /* Assets.xcassets in Resources */ = {isa = PBXBuildFile; fileRef = D2E10A5F20BFE9B10081E915 /* Assets.xcassets */; };
		D2E10A6320BFE9B10081E915 /* LaunchScreen.storyboard in Resources */ = {isa = PBXBuildFile; fileRef = D2E10A6120BFE9B10081E915 /* LaunchScreen.storyboard */; };
		D2E10A6E20BFE9B10081E915 /* CustomTabbarTests.swift in Sources */ = {isa = PBXBuildFile; fileRef = D2E10A6D20BFE9B10081E915 /* CustomTabbarTests.swift */; };
		D2E10A7920BFE9B10081E915 /* CustomTabbarUITests.swift in Sources */ = {isa = PBXBuildFile; fileRef = D2E10A7820BFE9B10081E915 /* CustomTabbarUITests.swift */; };
/* End PBXBuildFile section */

/* Begin PBXContainerItemProxy section */
		D2E10A6A20BFE9B10081E915 /* PBXContainerItemProxy */ = {
			isa = PBXContainerItemProxy;
			containerPortal = D2E10A4D20BFE9AF0081E915 /* Project object */;
			proxyType = 1;
			remoteGlobalIDString = D2E10A5420BFE9AF0081E915;
			remoteInfo = CustomTabbar;
		};
		D2E10A7520BFE9B10081E915 /* PBXContainerItemProxy */ = {
			isa = PBXContainerItemProxy;
			containerPortal = D2E10A4D20BFE9AF0081E915 /* Project object */;
			proxyType = 1;
			remoteGlobalIDString = D2E10A5420BFE9AF0081E915;
			remoteInfo = CustomTabbar;
		};
/* End PBXContainerItemProxy section */

/* Begin PBXFileReference section */
		D2DE7B5520CED25C002A9E94 /* Screen Shot 2018-06-04 at 1.38.35 PM.png */ = {isa = PBXFileReference; lastKnownFileType = image.png; path = "Screen Shot 2018-06-04 at 1.38.35 PM.png"; sourceTree = "<group>"; };
		D2E10A5520BFE9AF0081E915 /* CustomTabbar.app */ = {isa = PBXFileReference; explicitFileType = wrapper.application; includeInIndex = 0; path = CustomTabbar.app; sourceTree = BUILT_PRODUCTS_DIR; };
		D2E10A5820BFE9AF0081E915 /* AppDelegate.swift */ = {isa = PBXFileReference; lastKnownFileType = sourcecode.swift; path = AppDelegate.swift; sourceTree = "<group>"; };
		D2E10A5A20BFE9B00081E915 /* ViewController.swift */ = {isa = PBXFileReference; lastKnownFileType = sourcecode.swift; path = ViewController.swift; sourceTree = "<group>"; };
		D2E10A5D20BFE9B00081E915 /* Base */ = {isa = PBXFileReference; lastKnownFileType = file.storyboard; name = Base; path = Base.lproj/Main.storyboard; sourceTree = "<group>"; };
		D2E10A5F20BFE9B10081E915 /* Assets.xcassets */ = {isa = PBXFileReference; lastKnownFileType = folder.assetcatalog; path = Assets.xcassets; sourceTree = "<group>"; };
		D2E10A6220BFE9B10081E915 /* Base */ = {isa = PBXFileReference; lastKnownFileType = file.storyboard; name = Base; path = Base.lproj/LaunchScreen.storyboard; sourceTree = "<group>"; };
		D2E10A6420BFE9B10081E915 /* Info.plist */ = {isa = PBXFileReference; lastKnownFileType = text.plist.xml; path = Info.plist; sourceTree = "<group>"; };
		D2E10A6920BFE9B10081E915 /* CustomTabbarTests.xctest */ = {isa = PBXFileReference; explicitFileType = wrapper.cfbundle; includeInIndex = 0; path = CustomTabbarTests.xctest; sourceTree = BUILT_PRODUCTS_DIR; };
		D2E10A6D20BFE9B10081E915 /* CustomTabbarTests.swift */ = {isa = PBXFileReference; lastKnownFileType = sourcecode.swift; path = CustomTabbarTests.swift; sourceTree = "<group>"; };
		D2E10A6F20BFE9B10081E915 /* Info.plist */ = {isa = PBXFileReference; lastKnownFileType = text.plist.xml; path = Info.plist; sourceTree = "<group>"; };
		D2E10A7420BFE9B10081E915 /* CustomTabbarUITests.xctest */ = {isa = PBXFileReference; explicitFileType = wrapper.cfbundle; includeInIndex = 0; path = CustomTabbarUITests.xctest; sourceTree = BUILT_PRODUCTS_DIR; };
		D2E10A7820BFE9B10081E915 /* CustomTabbarUITests.swift */ = {isa = PBXFileReference; lastKnownFileType = sourcecode.swift; path = CustomTabbarUITests.swift; sourceTree = "<group>"; };
		D2E10A7A20BFE9B10081E915 /* Info.plist */ = {isa = PBXFileReference; lastKnownFileType = text.plist.xml; path = Info.plist; sourceTree = "<group>"; };
/* End PBXFileReference section */

/* Begin PBXFrameworksBuildPhase section */
		D2E10A5220BFE9AF0081E915 /* Frameworks */ = {
			isa = PBXFrameworksBuildPhase;
			buildActionMask = 2147483647;
			files = (
			);
			runOnlyForDeploymentPostprocessing = 0;
		};
		D2E10A6620BFE9B10081E915 /* Frameworks */ = {
			isa = PBXFrameworksBuildPhase;
			buildActionMask = 2147483647;
			files = (
			);
			runOnlyForDeploymentPostprocessing = 0;
		};
		D2E10A7120BFE9B10081E915 /* Frameworks */ = {
			isa = PBXFrameworksBuildPhase;
			buildActionMask = 2147483647;
			files = (
			);
			runOnlyForDeploymentPostprocessing = 0;
		};
/* End PBXFrameworksBuildPhase section */

/* Begin PBXGroup section */
		D2DE7B4C20CECFB5002A9E94 /* Build */ = {
			isa = PBXGroup;
			children = (
			);
			path = Build;
			sourceTree = "<group>";
		};
		D2DE7B5420CED205002A9E94 /* TestReports */ = {
			isa = PBXGroup;
			children = (
				D2DE7B5520CED25C002A9E94 /* Screen Shot 2018-06-04 at 1.38.35 PM.png */,
			);
			path = TestReports;
			sourceTree = "<group>";
		};
		D2E10A4C20BFE9AF0081E915 = {
			isa = PBXGroup;
			children = (
				D2DE7B4C20CECFB5002A9E94 /* Build */,
				D2E10A5720BFE9AF0081E915 /* CustomTabbar */,
				D2E10A6C20BFE9B10081E915 /* CustomTabbarTests */,
				D2E10A7720BFE9B10081E915 /* CustomTabbarUITests */,
				D2E10A5620BFE9AF0081E915 /* Products */,
			);
			sourceTree = "<group>";
		};
		D2E10A5620BFE9AF0081E915 /* Products */ = {
			isa = PBXGroup;
			children = (
				D2E10A5520BFE9AF0081E915 /* CustomTabbar.app */,
				D2E10A6920BFE9B10081E915 /* CustomTabbarTests.xctest */,
				D2E10A7420BFE9B10081E915 /* CustomTabbarUITests.xctest */,
			);
			name = Products;
			sourceTree = "<group>";
		};
		D2E10A5720BFE9AF0081E915 /* CustomTabbar */ = {
			isa = PBXGroup;
			children = (
				D2DE7B5420CED205002A9E94 /* TestReports */,
				D2E10A5820BFE9AF0081E915 /* AppDelegate.swift */,
				D2E10A5A20BFE9B00081E915 /* ViewController.swift */,
				D2E10A5C20BFE9B00081E915 /* Main.storyboard */,
				D2E10A5F20BFE9B10081E915 /* Assets.xcassets */,
				D2E10A6120BFE9B10081E915 /* LaunchScreen.storyboard */,
				D2E10A6420BFE9B10081E915 /* Info.plist */,
			);
			path = CustomTabbar;
			sourceTree = "<group>";
		};
		D2E10A6C20BFE9B10081E915 /* CustomTabbarTests */ = {
			isa = PBXGroup;
			children = (
				D2E10A6D20BFE9B10081E915 /* CustomTabbarTests.swift */,
				D2E10A6F20BFE9B10081E915 /* Info.plist */,
			);
			path = CustomTabbarTests;
			sourceTree = "<group>";
		};
		D2E10A7720BFE9B10081E915 /* CustomTabbarUITests */ = {
			isa = PBXGroup;
			children = (
				D2E10A7820BFE9B10081E915 /* CustomTabbarUITests.swift */,
				D2E10A7A20BFE9B10081E915 /* Info.plist */,
			);
			path = CustomTabbarUITests;
			sourceTree = "<group>";
		};
/* End PBXGroup section */

/* Begin PBXNativeTarget section */
		D2E10A5420BFE9AF0081E915 /* CustomTabbar */ = {
			isa = PBXNativeTarget;
			buildConfigurationList = D2E10A7D20BFE9B10081E915 /* Build configuration list for PBXNativeTarget "CustomTabbar" */;
			buildPhases = (
				D2E10A5120BFE9AF0081E915 /* Sources */,
				D2E10A5220BFE9AF0081E915 /* Frameworks */,
				D2E10A5320BFE9AF0081E915 /* Resources */,
			);
			buildRules = (
			);
			dependencies = (
			);
			name = CustomTabbar;
			productName = CustomTabbar;
			productReference = D2E10A5520BFE9AF0081E915 /* CustomTabbar.app */;
			productType = "com.apple.product-type.application";
		};
		D2E10A6820BFE9B10081E915 /* CustomTabbarTests */ = {
			isa = PBXNativeTarget;
			buildConfigurationList = D2E10A8020BFE9B10081E915 /* Build configuration list for PBXNativeTarget "CustomTabbarTests" */;
			buildPhases = (
				D2E10A6520BFE9B10081E915 /* Sources */,
				D2E10A6620BFE9B10081E915 /* Frameworks */,
				D2E10A6720BFE9B10081E915 /* Resources */,
				D290F9D820CE9DD00089B87C /* ShellScript */,
			);
			buildRules = (
			);
			dependencies = (
				D2E10A6B20BFE9B10081E915 /* PBXTargetDependency */,
			);
			name = CustomTabbarTests;
			productName = CustomTabbarTests;
			productReference = D2E10A6920BFE9B10081E915 /* CustomTabbarTests.xctest */;
			productType = "com.apple.product-type.bundle.unit-test";
		};
		D2E10A7320BFE9B10081E915 /* CustomTabbarUITests */ = {
			isa = PBXNativeTarget;
			buildConfigurationList = D2E10A8320BFE9B10081E915 /* Build configuration list for PBXNativeTarget "CustomTabbarUITests" */;
			buildPhases = (
				D2E10A7020BFE9B10081E915 /* Sources */,
				D2E10A7120BFE9B10081E915 /* Frameworks */,
				D2E10A7220BFE9B10081E915 /* Resources */,
			);
			buildRules = (
			);
			dependencies = (
				D2E10A7620BFE9B10081E915 /* PBXTargetDependency */,
			);
			name = CustomTabbarUITests;
			productName = CustomTabbarUITests;
			productReference = D2E10A7420BFE9B10081E915 /* CustomTabbarUITests.xctest */;
			productType = "com.apple.product-type.bundle.ui-testing";
		};
/* End PBXNativeTarget section */

/* Begin PBXProject section */
		D2E10A4D20BFE9AF0081E915 /* Project object */ = {
			isa = PBXProject;
			attributes = {
				LastSwiftUpdateCheck = 0930;
				LastUpgradeCheck = 0930;
				ORGANIZATIONNAME = "Abhishek Singla";
				TargetAttributes = {
					D2E10A5420BFE9AF0081E915 = {
						CreatedOnToolsVersion = 9.3;
					};
					D2E10A6820BFE9B10081E915 = {
						CreatedOnToolsVersion = 9.3;
						TestTargetID = D2E10A5420BFE9AF0081E915;
					};
					D2E10A7320BFE9B10081E915 = {
						CreatedOnToolsVersion = 9.3;
						TestTargetID = D2E10A5420BFE9AF0081E915;
					};
				};
			};
			buildConfigurationList = D2E10A5020BFE9AF0081E915 /* Build configuration list for PBXProject "CustomTabbar" */;
			compatibilityVersion = "Xcode 9.3";
			developmentRegion = en;
			hasScannedForEncodings = 0;
			knownRegions = (
				en,
				Base,
			);
			mainGroup = D2E10A4C20BFE9AF0081E915;
			productRefGroup = D2E10A5620BFE9AF0081E915 /* Products */;
			projectDirPath = "";
			projectRoot = "";
			targets = (
				D2E10A5420BFE9AF0081E915 /* CustomTabbar */,
				D2E10A6820BFE9B10081E915 /* CustomTabbarTests */,
				D2E10A7320BFE9B10081E915 /* CustomTabbarUITests */,
			);
		};
/* End PBXProject section */

/* Begin PBXResourcesBuildPhase section */
		D2E10A5320BFE9AF0081E915 /* Resources */ = {
			isa = PBXResourcesBuildPhase;
			buildActionMask = 2147483647;
			files = (
				D2E10A6320BFE9B10081E915 /* LaunchScreen.storyboard in Resources */,
				D2E10A6020BFE9B10081E915 /* Assets.xcassets in Resources */,
				D2DE7B5620CED25C002A9E94 /* Screen Shot 2018-06-04 at 1.38.35 PM.png in Resources */,
				D2E10A5E20BFE9B00081E915 /* Main.storyboard in Resources */,
			);
			runOnlyForDeploymentPostprocessing = 0;
		};
		D2E10A6720BFE9B10081E915 /* Resources */ = {
			isa = PBXResourcesBuildPhase;
			buildActionMask = 2147483647;
			files = (
			);
			runOnlyForDeploymentPostprocessing = 0;
		};
		D2E10A7220BFE9B10081E915 /* Resources */ = {
			isa = PBXResourcesBuildPhase;
			buildActionMask = 2147483647;
			files = (
			);
			runOnlyForDeploymentPostprocessing = 0;
		};
/* End PBXResourcesBuildPhase section */

/* Begin PBXShellScriptBuildPhase section */
		D290F9D820CE9DD00089B87C /* ShellScript */ = {
			isa = PBXShellScriptBuildPhase;
			buildActionMask = 2147483647;
			files = (
			);
			inputPaths = (
			);
			outputPaths = (
			);
			runOnlyForDeploymentPostprocessing = 0;
			shellPath = /bin/sh;
			shellScript = /Users/abhisheksingla/Desktop/BellDemo/RunTests.sh;
		};
/* End PBXShellScriptBuildPhase section */

/* Begin PBXSourcesBuildPhase section */
		D2E10A5120BFE9AF0081E915 /* Sources */ = {
			isa = PBXSourcesBuildPhase;
			buildActionMask = 2147483647;
			files = (
				D2E10A5B20BFE9B00081E915 /* ViewController.swift in Sources */,
				D2E10A5920BFE9AF0081E915 /* AppDelegate.swift in Sources */,
			);
			runOnlyForDeploymentPostprocessing = 0;
		};
		D2E10A6520BFE9B10081E915 /* Sources */ = {
			isa = PBXSourcesBuildPhase;
			buildActionMask = 2147483647;
			files = (
				D2E10A6E20BFE9B10081E915 /* CustomTabbarTests.swift in Sources */,
			);
			runOnlyForDeploymentPostprocessing = 0;
		};
		D2E10A7020BFE9B10081E915 /* Sources */ = {
			isa = PBXSourcesBuildPhase;
			buildActionMask = 2147483647;
			files = (
				D2E10A7920BFE9B10081E915 /* CustomTabbarUITests.swift in Sources */,
			);
			runOnlyForDeploymentPostprocessing = 0;
		};
/* End PBXSourcesBuildPhase section */

/* Begin PBXTargetDependency section */
		D2E10A6B20BFE9B10081E915 /* PBXTargetDependency */ = {
			isa = PBXTargetDependency;
			target = D2E10A5420BFE9AF0081E915 /* CustomTabbar */;
			targetProxy = D2E10A6A20BFE9B10081E915 /* PBXContainerItemProxy */;
		};
		D2E10A7620BFE9B10081E915 /* PBXTargetDependency */ = {
			isa = PBXTargetDependency;
			target = D2E10A5420BFE9AF0081E915 /* CustomTabbar */;
			targetProxy = D2E10A7520BFE9B10081E915 /* PBXContainerItemProxy */;
		};
/* End PBXTargetDependency section */

/* Begin PBXVariantGroup section */
		D2E10A5C20BFE9B00081E915 /* Main.storyboard */ = {
			isa = PBXVariantGroup;
			children = (
				D2E10A5D20BFE9B00081E915 /* Base */,
			);
			name = Main.storyboard;
			sourceTree = "<group>";
		};
		D2E10A6120BFE9B10081E915 /* LaunchScreen.storyboard */ = {
			isa = PBXVariantGroup;
			children = (
				D2E10A6220BFE9B10081E915 /* Base */,
			);
			name = LaunchScreen.storyboard;
			sourceTree = "<group>";
		};
/* End PBXVariantGroup section */

/* Begin XCBuildConfiguration section */
		D2E10A7B20BFE9B10081E915 /* Debug */ = {
			isa = XCBuildConfiguration;
			buildSettings = {
				ALWAYS_SEARCH_USER_PATHS = NO;
				CLANG_ANALYZER_NONNULL = YES;
				CLANG_ANALYZER_NUMBER_OBJECT_CONVERSION = YES_AGGRESSIVE;
				CLANG_CXX_LANGUAGE_STANDARD = "gnu++14";
				CLANG_CXX_LIBRARY = "libc++";
				CLANG_ENABLE_MODULES = YES;
				CLANG_ENABLE_OBJC_ARC = YES;
				CLANG_ENABLE_OBJC_WEAK = YES;
				CLANG_WARN_BLOCK_CAPTURE_AUTORELEASING = YES;
				CLANG_WARN_BOOL_CONVERSION = YES;
				CLANG_WARN_COMMA = YES;
				CLANG_WARN_CONSTANT_CONVERSION = YES;
				CLANG_WARN_DEPRECATED_OBJC_IMPLEMENTATIONS = YES;
				CLANG_WARN_DIRECT_OBJC_ISA_USAGE = YES_ERROR;
				CLANG_WARN_DOCUMENTATION_COMMENTS = YES;
				CLANG_WARN_EMPTY_BODY = YES;
				CLANG_WARN_ENUM_CONVERSION = YES;
				CLANG_WARN_INFINITE_RECURSION = YES;
				CLANG_WARN_INT_CONVERSION = YES;
				CLANG_WARN_NON_LITERAL_NULL_CONVERSION = YES;
				CLANG_WARN_OBJC_IMPLICIT_RETAIN_SELF = YES;
				CLANG_WARN_OBJC_LITERAL_CONVERSION = YES;
				CLANG_WARN_OBJC_ROOT_CLASS = YES_ERROR;
				CLANG_WARN_RANGE_LOOP_ANALYSIS = YES;
				CLANG_WARN_STRICT_PROTOTYPES = YES;
				CLANG_WARN_SUSPICIOUS_MOVE = YES;
				CLANG_WARN_UNGUARDED_AVAILABILITY = YES_AGGRESSIVE;
				CLANG_WARN_UNREACHABLE_CODE = YES;
				CLANG_WARN__DUPLICATE_METHOD_MATCH = YES;
				CODE_SIGN_IDENTITY = "iPhone Developer";
				COPY_PHASE_STRIP = NO;
				DEBUG_INFORMATION_FORMAT = dwarf;
				ENABLE_STRICT_OBJC_MSGSEND = YES;
				ENABLE_TESTABILITY = YES;
				GCC_C_LANGUAGE_STANDARD = gnu11;
				GCC_DYNAMIC_NO_PIC = NO;
				GCC_NO_COMMON_BLOCKS = YES;
				GCC_OPTIMIZATION_LEVEL = 0;
				GCC_PREPROCESSOR_DEFINITIONS = (
					"DEBUG=1",
					"$(inherited)",
				);
				GCC_WARN_64_TO_32_BIT_CONVERSION = YES;
				GCC_WARN_ABOUT_RETURN_TYPE = YES_ERROR;
				GCC_WARN_UNDECLARED_SELECTOR = YES;
				GCC_WARN_UNINITIALIZED_AUTOS = YES_AGGRESSIVE;
				GCC_WARN_UNUSED_FUNCTION = YES;
				GCC_WARN_UNUSED_VARIABLE = YES;
				IPHONEOS_DEPLOYMENT_TARGET = 10.1;
				MTL_ENABLE_DEBUG_INFO = YES;
				ONLY_ACTIVE_ARCH = YES;
				SDKROOT = iphoneos;
				SWIFT_ACTIVE_COMPILATION_CONDITIONS = DEBUG;
				SWIFT_OPTIMIZATION_LEVEL = "-Onone";
			};
			name = Debug;
		};
		D2E10A7C20BFE9B10081E915 /* Release */ = {
			isa = XCBuildConfiguration;
			buildSettings = {
				ALWAYS_SEARCH_USER_PATHS = NO;
				CLANG_ANALYZER_NONNULL = YES;
				CLANG_ANALYZER_NUMBER_OBJECT_CONVERSION = YES_AGGRESSIVE;
				CLANG_CXX_LANGUAGE_STANDARD = "gnu++14";
				CLANG_CXX_LIBRARY = "libc++";
				CLANG_ENABLE_MODULES = YES;
				CLANG_ENABLE_OBJC_ARC = YES;
				CLANG_ENABLE_OBJC_WEAK = YES;
				CLANG_WARN_BLOCK_CAPTURE_AUTORELEASING = YES;
				CLANG_WARN_BOOL_CONVERSION = YES;
				CLANG_WARN_COMMA = YES;
				CLANG_WARN_CONSTANT_CONVERSION = YES;
				CLANG_WARN_DEPRECATED_OBJC_IMPLEMENTATIONS = YES;
				CLANG_WARN_DIRECT_OBJC_ISA_USAGE = YES_ERROR;
				CLANG_WARN_DOCUMENTATION_COMMENTS = YES;
				CLANG_WARN_EMPTY_BODY = YES;
				CLANG_WARN_ENUM_CONVERSION = YES;
				CLANG_WARN_INFINITE_RECURSION = YES;
				CLANG_WARN_INT_CONVERSION = YES;
				CLANG_WARN_NON_LITERAL_NULL_CONVERSION = YES;
				CLANG_WARN_OBJC_IMPLICIT_RETAIN_SELF = YES;
				CLANG_WARN_OBJC_LITERAL_CONVERSION = YES;
				CLANG_WARN_OBJC_ROOT_CLASS = YES_ERROR;
				CLANG_WARN_RANGE_LOOP_ANALYSIS = YES;
				CLANG_WARN_STRICT_PROTOTYPES = YES;
				CLANG_WARN_SUSPICIOUS_MOVE = YES;
				CLANG_WARN_UNGUARDED_AVAILABILITY = YES_AGGRESSIVE;
				CLANG_WARN_UNREACHABLE_CODE = YES;
				CLANG_WARN__DUPLICATE_METHOD_MATCH = YES;
				CODE_SIGN_IDENTITY = "iPhone Developer";
				COPY_PHASE_STRIP = NO;
				DEBUG_INFORMATION_FORMAT = "dwarf-with-dsym";
				ENABLE_NS_ASSERTIONS = NO;
				ENABLE_STRICT_OBJC_MSGSEND = YES;
				GCC_C_LANGUAGE_STANDARD = gnu11;
				GCC_NO_COMMON_BLOCKS = YES;
				GCC_WARN_64_TO_32_BIT_CONVERSION = YES;
				GCC_WARN_ABOUT_RETURN_TYPE = YES_ERROR;
				GCC_WARN_UNDECLARED_SELECTOR = YES;
				GCC_WARN_UNINITIALIZED_AUTOS = YES_AGGRESSIVE;
				GCC_WARN_UNUSED_FUNCTION = YES;
				GCC_WARN_UNUSED_VARIABLE = YES;
				IPHONEOS_DEPLOYMENT_TARGET = 10.1;
				MTL_ENABLE_DEBUG_INFO = NO;
				SDKROOT = iphoneos;
				SWIFT_COMPILATION_MODE = wholemodule;
				SWIFT_OPTIMIZATION_LEVEL = "-O";
				VALIDATE_PRODUCT = YES;
			};
			name = Release;
		};
		D2E10A7E20BFE9B10081E915 /* Debug */ = {
			isa = XCBuildConfiguration;
			buildSettings = {
				ASSETCATALOG_COMPILER_APPICON_NAME = AppIcon;
				CODE_SIGN_IDENTITY = "iPhone Distribution";
				CODE_SIGN_STYLE = Manual;
				DEVELOPMENT_TEAM = 3N6FQ343XA;
				INFOPLIST_FILE = CustomTabbar/Info.plist;
				LD_RUNPATH_SEARCH_PATHS = (
					"$(inherited)",
					"@executable_path/Frameworks",
				);
				PRODUCT_BUNDLE_IDENTIFIER = com.techmahindra.jenkinadhoc;
				PRODUCT_NAME = "$(TARGET_NAME)";
				PROVISIONING_PROFILE = "06aa1300-d769-458e-a491-fd3c971502b3";
				PROVISIONING_PROFILE_SPECIFIER = "Jenkin adhoc provisioning profile";
				SWIFT_VERSION = 4.0;
				TARGETED_DEVICE_FAMILY = 1;
			};
			name = Debug;
		};
		D2E10A7F20BFE9B10081E915 /* Release */ = {
			isa = XCBuildConfiguration;
			buildSettings = {
				ASSETCATALOG_COMPILER_APPICON_NAME = AppIcon;
				CODE_SIGN_IDENTITY = "iPhone Distribution";
				CODE_SIGN_STYLE = Manual;
				DEVELOPMENT_TEAM = 3N6FQ343XA;
				INFOPLIST_FILE = CustomTabbar/Info.plist;
				LD_RUNPATH_SEARCH_PATHS = (
					"$(inherited)",
					"@executable_path/Frameworks",
				);
				PRODUCT_BUNDLE_IDENTIFIER = com.techmahindra.jenkinadhoc;
				PRODUCT_NAME = "$(TARGET_NAME)";
				PROVISIONING_PROFILE = "06aa1300-d769-458e-a491-fd3c971502b3";
				PROVISIONING_PROFILE_SPECIFIER = "Jenkin adhoc provisioning profile";
				SWIFT_VERSION = 4.0;
				TARGETED_DEVICE_FAMILY = 1;
			};
			name = Release;
		};
		D2E10A8120BFE9B10081E915 /* Debug */ = {
			isa = XCBuildConfiguration;
			buildSettings = {
				ALWAYS_EMBED_SWIFT_STANDARD_LIBRARIES = YES;
				BUNDLE_LOADER = "$(TEST_HOST)";
				CODE_SIGN_IDENTITY = "iPhone Distribution";
				CODE_SIGN_STYLE = Manual;
				DEVELOPMENT_TEAM = 3N6FQ343XA;
				INFOPLIST_FILE = CustomTabbarTests/Info.plist;
				LD_RUNPATH_SEARCH_PATHS = (
					"$(inherited)",
					"@executable_path/Frameworks",
					"@loader_path/Frameworks",
				);
				PRODUCT_BUNDLE_IDENTIFIER = com.mbm.bell.CustomTabbarTests;
				PRODUCT_NAME = "$(TARGET_NAME)";
				PROVISIONING_PROFILE_SPECIFIER = "";
				SWIFT_VERSION = 4.0;
				TARGETED_DEVICE_FAMILY = "1,2";
				TEST_HOST = "$(BUILT_PRODUCTS_DIR)/CustomTabbar.app/CustomTabbar";
			};
			name = Debug;
		};
		D2E10A8220BFE9B10081E915 /* Release */ = {
			isa = XCBuildConfiguration;
			buildSettings = {
				ALWAYS_EMBED_SWIFT_STANDARD_LIBRARIES = YES;
				BUNDLE_LOADER = "$(TEST_HOST)";
				CODE_SIGN_IDENTITY = "iPhone Distribution";
				CODE_SIGN_STYLE = Manual;
				DEVELOPMENT_TEAM = 3N6FQ343XA;
				INFOPLIST_FILE = CustomTabbarTests/Info.plist;
				LD_RUNPATH_SEARCH_PATHS = (
					"$(inherited)",
					"@executable_path/Frameworks",
					"@loader_path/Frameworks",
				);
				PRODUCT_BUNDLE_IDENTIFIER = com.mbm.bell.CustomTabbarTests;
				PRODUCT_NAME = "$(TARGET_NAME)";
				PROVISIONING_PROFILE_SPECIFIER = "";
				SWIFT_VERSION = 4.0;
				TARGETED_DEVICE_FAMILY = "1,2";
				TEST_HOST = "$(BUILT_PRODUCTS_DIR)/CustomTabbar.app/CustomTabbar";
			};
			name = Release;
		};
		D2E10A8420BFE9B10081E915 /* Debug */ = {
			isa = XCBuildConfiguration;
			buildSettings = {
				ALWAYS_EMBED_SWIFT_STANDARD_LIBRARIES = YES;
				CODE_SIGN_STYLE = Automatic;
				INFOPLIST_FILE = CustomTabbarUITests/Info.plist;
				LD_RUNPATH_SEARCH_PATHS = (
					"$(inherited)",
					"@executable_path/Frameworks",
					"@loader_path/Frameworks",
				);
				PRODUCT_BUNDLE_IDENTIFIER = com.mbm.bell.CustomTabbarUITests;
				PRODUCT_NAME = "$(TARGET_NAME)";
				SWIFT_VERSION = 4.0;
				TARGETED_DEVICE_FAMILY = "1,2";
				TEST_TARGET_NAME = CustomTabbar;
			};
			name = Debug;
		};
		D2E10A8520BFE9B10081E915 /* Release */ = {
			isa = XCBuildConfiguration;
			buildSettings = {
				ALWAYS_EMBED_SWIFT_STANDARD_LIBRARIES = YES;
				CODE_SIGN_STYLE = Automatic;
				INFOPLIST_FILE = CustomTabbarUITests/Info.plist;
				LD_RUNPATH_SEARCH_PATHS = (
					"$(inherited)",
					"@executable_path/Frameworks",
					"@loader_path/Frameworks",
				);
				PRODUCT_BUNDLE_IDENTIFIER = com.mbm.bell.CustomTabbarUITests;
				PRODUCT_NAME = "$(TARGET_NAME)";
				SWIFT_VERSION = 4.0;
				TARGETED_DEVICE_FAMILY = "1,2";
				TEST_TARGET_NAME = CustomTabbar;
			};
			name = Release;
		};
/* End XCBuildConfiguration section */

/* Begin XCConfigurationList section */
		D2E10A5020BFE9AF0081E915 /* Build configuration list for PBXProject "CustomTabbar" */ = {
			isa = XCConfigurationList;
			buildConfigurations = (
				D2E10A7B20BFE9B10081E915 /* Debug */,
				D2E10A7C20BFE9B10081E915 /* Release */,
			);
			defaultConfigurationIsVisible = 0;
			defaultConfigurationName = Release;
		};
		D2E10A7D20BFE9B10081E915 /* Build configuration list for PBXNativeTarget "CustomTabbar" */ = {
			isa = XCConfigurationList;
			buildConfigurations = (
				D2E10A7E20BFE9B10081E915 /* Debug */,
				D2E10A7F20BFE9B10081E915 /* Release */,
			);
			defaultConfigurationIsVisible = 0;
			defaultConfigurationName = Release;
		};
		D2E10A8020BFE9B10081E915 /* Build configuration list for PBXNativeTarget "CustomTabbarTests" */ = {
			isa = XCConfigurationList;
			buildConfigurations = (
				D2E10A8120BFE9B10081E915 /* Debug */,
				D2E10A8220BFE9B10081E915 /* Release */,
			);
			defaultConfigurationIsVisible = 0;
			defaultConfigurationName = Release;
		};
		D2E10A8320BFE9B10081E915 /* Build configuration list for PBXNativeTarget "CustomTabbarUITests" */ = {
			isa = XCConfigurationList;
			buildConfigurations = (
				D2E10A8420BFE9B10081E915 /* Debug */,
				D2E10A8520BFE9B10081E915 /* Release */,
			);
			defaultConfigurationIsVisible = 0;
			defaultConfigurationName = Release;
		};
/* End XCConfigurationList section */
	};
	rootObject = D2E10A4D20BFE9AF0081E915 /* Project object */;
}
